<?xml version="1.0" encoding="utf-8"?>
<Project ToolsVersion="4.0" xmlns="http://schemas.microsoft.com/developer/msbuild/2003">
  <ItemGroup>
    <Filter Include="Ash">
      <UniqueIdentifier>{A1D6870B-0DE0-877C-965B-9E7C0264937C}</UniqueIdentifier>
    </Filter>
    <Filter Include="Ash\Events">
      <UniqueIdentifier>{65A37756-515B-B9A3-BA62-92FFA6395494}</UniqueIdentifier>
    </Filter>
    <Filter Include="Ash\ImGui">
      <UniqueIdentifier>{8B00F95F-F76A-ADD6-40A9-5E7CAC528B2B}</UniqueIdentifier>
    </Filter>
    <Filter Include="Platform">
      <UniqueIdentifier>{2AC788B4-1694-E3BF-3FAD-D1672BD9184E}</UniqueIdentifier>
    </Filter>
    <Filter Include="Platform\OpenGL">
      <UniqueIdentifier>{1E7D2C1D-8A08-9AE1-9319-1DD6FF23F6E1}</UniqueIdentifier>
    </Filter>
    <Filter Include="Platform\Windows">
      <UniqueIdentifier>{64FBD71A-50F4-F66C-7926-DCF1657ED678}</UniqueIdentifier>
    </Filter>
  </ItemGroup>
  <ItemGroup>
    <ClInclude Include="src\Ash.h" />
    <ClInclude Include="src\Ash\Application.h">
      <Filter>Ash</Filter>
    </ClInclude>
    <ClInclude Include="src\Ash\Core.h">
      <Filter>Ash</Filter>
    </ClInclude>
    <ClInclude Include="src\Ash\EntryPoint.h">
      <Filter>Ash</Filter>
    </ClInclude>
    <ClInclude Include="src\Ash\Events\ApplicationEvent.h">
      <Filter>Ash\Events</Filter>
    </ClInclude>
    <ClInclude Include="src\Ash\Events\Event.h">
      <Filter>Ash\Events</Filter>
    </ClInclude>
    <ClInclude Include="src\Ash\Events\KeyEvent.h">
      <Filter>Ash\Events</Filter>
    </ClInclude>
    <ClInclude Include="src\Ash\Events\MouseEvent.h">
      <Filter>Ash\Events</Filter>
    </ClInclude>
    <ClInclude Include="src\Ash\ImGui\ImGuiLayer.h">
      <Filter>Ash\ImGui</Filter>
    </ClInclude>
    <ClInclude Include="src\Ash\Layer.h">
      <Filter>Ash</Filter>
    </ClInclude>
    <ClInclude Include="src\Ash\LayerStack.h">
      <Filter>Ash</Filter>
    </ClInclude>
    <ClInclude Include="src\Ash\Log.h">
      <Filter>Ash</Filter>
    </ClInclude>
    <ClInclude Include="src\Ash\Window.h">
      <Filter>Ash</Filter>
    </ClInclude>
    <ClInclude Include="src\Platform\OpenGL\ImGuiOpenGLRenderer.h">
      <Filter>Platform\OpenGL</Filter>
    </ClInclude>
    <ClInclude Include="src\Platform\Windows\WindowsWindow.h">
      <Filter>Platform\Windows</Filter>
    </ClInclude>
    <ClInclude Include="src\ahpch.h" />
  </ItemGroup>
  <ItemGroup>
    <ClCompile Include="src\Ash\Application.cpp">
      <Filter>Ash</Filter>
    </ClCompile>
    <ClCompile Include="src\Ash\ImGui\ImGuiLayer.cpp">
      <Filter>Ash\ImGui</Filter>
    </ClCompile>
    <ClCompile Include="src\Ash\Layer.cpp">
      <Filter>Ash</Filter>
    </ClCompile>
    <ClCompile Include="src\Ash\LayerStack.cpp">
      <Filter>Ash</Filter>
    </ClCompile>
    <ClCompile Include="src\Ash\Log.cpp">
      <Filter>Ash</Filter>
    </ClCompile>
    <ClCompile Include="src\Platform\OpenGL\ImGuiOpenGLRenderer.cpp">
      <Filter>Platform\OpenGL</Filter>
    </ClCompile>
    <ClCompile Include="src\Platform\Windows\WindowsWindow.cpp">
      <Filter>Platform\Windows</Filter>
    </ClCompile>
    <ClCompile Include="src\ahpch.cpp" />
  </ItemGroup>
</Project>