<?xml version="1.0" encoding="utf-8"?>
<Project ToolsVersion="4.0" xmlns="http://schemas.microsoft.com/developer/msbuild/2003">
  <ItemGroup>
    <Filter Include="Ash">
      <UniqueIdentifier>{A1D6870B-0DE0-877C-965B-9E7C0264937C}</UniqueIdentifier>
    </Filter>
    <Filter Include="Ash\Events">
      <UniqueIdentifier>{65A37756-515B-B9A3-BA62-92FFA6395494}</UniqueIdentifier>
    </Filter>
  </ItemGroup>
  <ItemGroup>
    <ClInclude Include="src\Ash.h" />
    <ClInclude Include="src\Ash\Application.h">
      <Filter>Ash</Filter>
    </ClInclude>
    <ClInclude Include="src\Ash\Core.h">
      <Filter>Ash</Filter>
    </ClInclude>
    <ClInclude Include="src\Ash\EntryPoint.h">
      <Filter>Ash</Filter>
    </ClInclude>
    <ClInclude Include="src\Ash\Events\ApplicationEvent.h">
      <Filter>Ash\Events</Filter>
    </ClInclude>
    <ClInclude Include="src\Ash\Events\Event.h">
      <Filter>Ash\Events</Filter>
    </ClInclude>
    <ClInclude Include="src\Ash\Events\KeyEvent.h">
      <Filter>Ash\Events</Filter>
    </ClInclude>
    <ClInclude Include="src\Ash\Events\MouseEvent.h">
      <Filter>Ash\Events</Filter>
    </ClInclude>
    <ClInclude Include="src\Ash\Log.h">
      <Filter>Ash</Filter>
    </ClInclude>
    <ClInclude Include="src\ahpch.h" />
  </ItemGroup>
  <ItemGroup>
    <ClCompile Include="src\Ash\Application.cpp">
      <Filter>Ash</Filter>
    </ClCompile>
    <ClCompile Include="src\Ash\Log.cpp">
      <Filter>Ash</Filter>
    </ClCompile>
    <ClCompile Include="src\ahpch.cpp" />
  </ItemGroup>
</Project>